
Microsoft Visual Studio Solution File, Format Version 12.00
Project("{FAE04EC0-301F-11D3-BF4B-00C04F79EFBC}") = "ES2_webapp", "ES2_webapp.csproj", "{22BE83A5-F25F-4270-8FA0-48E8B92FEEAD}"
EndProject
Global
	GlobalSection(SolutionConfigurationPlatforms) = preSolution
		Debug|Any CPU = Debug|Any CPU
		Release|Any CPU = Release|Any CPU
	EndGlobalSection
	GlobalSection(ProjectConfigurationPlatforms) = postSolution
		{22BE83A5-F25F-4270-8FA0-48E8B92FEEAD}.Debug|Any CPU.ActiveCfg = Debug|Any CPU
		{22BE83A5-F25F-4270-8FA0-48E8B92FEEAD}.Debug|Any CPU.Build.0 = Debug|Any CPU
		{22BE83A5-F25F-4270-8FA0-48E8B92FEEAD}.Release|Any CPU.ActiveCfg = Release|Any CPU
		{22BE83A5-F25F-4270-8FA0-48E8B92FEEAD}.Release|Any CPU.Build.0 = Release|Any CPU
	EndGlobalSection
EndGlobal
